// !$*UTF8*$!
{
	archiveVersion = 1;
	classes = {
	};
	objectVersion = 50;
	objects = {

/* Begin PBXBuildFile section */
		343FBE7C2182F9EB004696A1 /* AppDelegate.swift in Sources */ = {isa = PBXBuildFile; fileRef = 343FBE7B2182F9EB004696A1 /* AppDelegate.swift */; };
		343FBE812182F9EB004696A1 /* Main.storyboard in Resources */ = {isa = PBXBuildFile; fileRef = 343FBE7F2182F9EB004696A1 /* Main.storyboard */; };
		343FBE842182F9EB004696A1 /* Worklist.xcdatamodeld in Sources */ = {isa = PBXBuildFile; fileRef = 343FBE822182F9EB004696A1 /* Worklist.xcdatamodeld */; };
		343FBE862182F9F1004696A1 /* Assets.xcassets in Resources */ = {isa = PBXBuildFile; fileRef = 343FBE852182F9F1004696A1 /* Assets.xcassets */; };
		343FBE892182F9F1004696A1 /* LaunchScreen.storyboard in Resources */ = {isa = PBXBuildFile; fileRef = 343FBE872182F9F1004696A1 /* LaunchScreen.storyboard */; };
		343FBE942182F9F1004696A1 /* WorklistTests.swift in Sources */ = {isa = PBXBuildFile; fileRef = 343FBE932182F9F1004696A1 /* WorklistTests.swift */; };
		343FBE9F2182F9F1004696A1 /* WorklistUITests.swift in Sources */ = {isa = PBXBuildFile; fileRef = 343FBE9E2182F9F1004696A1 /* WorklistUITests.swift */; };
		343FBEAD2183204C004696A1 /* LoginViewController.swift in Sources */ = {isa = PBXBuildFile; fileRef = 343FBEAC2183204C004696A1 /* LoginViewController.swift */; };
		3445CE342189C396002F079A /* DashboardViewController.swift in Sources */ = {isa = PBXBuildFile; fileRef = 3445CE332189C396002F079A /* DashboardViewController.swift */; };
		3445CE362189D4F2002F079A /* TaskCollectionViewCell.swift in Sources */ = {isa = PBXBuildFile; fileRef = 3445CE352189D4F2002F079A /* TaskCollectionViewCell.swift */; };
		3445CE3A218A2224002F079A /* ApprovalCollectionViewCell.swift in Sources */ = {isa = PBXBuildFile; fileRef = 3445CE39218A2224002F079A /* ApprovalCollectionViewCell.swift */; };
		3445CE3E218AFEDC002F079A /* ProfileViewController.swift in Sources */ = {isa = PBXBuildFile; fileRef = 3445CE3D218AFEDC002F079A /* ProfileViewController.swift */; };
		345C36CC2188E34D0032F9E1 /* ApprovalData.swift in Sources */ = {isa = PBXBuildFile; fileRef = 345C36CB2188E34D0032F9E1 /* ApprovalData.swift */; };
		345C36CF2188E9A30032F9E1 /* ApprovalViewCell.swift in Sources */ = {isa = PBXBuildFile; fileRef = 345C36CE2188E9A30032F9E1 /* ApprovalViewCell.swift */; };
		34869E85218F1D5F000E7359 /* AutoApprovalViewController.swift in Sources */ = {isa = PBXBuildFile; fileRef = 34869E84218F1D5F000E7359 /* AutoApprovalViewController.swift */; };
		34869E87218F1D8B000E7359 /* AutoApprovalViewCell.swift in Sources */ = {isa = PBXBuildFile; fileRef = 34869E86218F1D8B000E7359 /* AutoApprovalViewCell.swift */; };
		34869E89218F23C5000E7359 /* AutoApprovalData.swift in Sources */ = {isa = PBXBuildFile; fileRef = 34869E88218F23C5000E7359 /* AutoApprovalData.swift */; };
		34869E8B218F23D6000E7359 /* StatusData.swift in Sources */ = {isa = PBXBuildFile; fileRef = 34869E8A218F23D6000E7359 /* StatusData.swift */; };
		34869E8D218F23E9000E7359 /* NotificationData.swift in Sources */ = {isa = PBXBuildFile; fileRef = 34869E8C218F23E9000E7359 /* NotificationData.swift */; };
		34869E8F218F2FB9000E7359 /* StatusViewController.swift in Sources */ = {isa = PBXBuildFile; fileRef = 34869E8E218F2FB9000E7359 /* StatusViewController.swift */; };
		34869E91218F2FCF000E7359 /* StatusViewCell.swift in Sources */ = {isa = PBXBuildFile; fileRef = 34869E90218F2FCF000E7359 /* StatusViewCell.swift */; };
		34869EB4218F92F7000E7359 /* CustomSegmentedControl.swift in Sources */ = {isa = PBXBuildFile; fileRef = 34869EB3218F92F7000E7359 /* CustomSegmentedControl.swift */; };
		34869EB72190C30B000E7359 /* ClarificationViewController.swift in Sources */ = {isa = PBXBuildFile; fileRef = 34869EB62190C30B000E7359 /* ClarificationViewController.swift */; };
		34A0FA4B218351B900DE172F /* TaskApprovalViewController.swift in Sources */ = {isa = PBXBuildFile; fileRef = 34A0FA4A218351B900DE172F /* TaskApprovalViewController.swift */; };
		34A0FA6D2186E47C00DE172F /* TaskViewCell.swift in Sources */ = {isa = PBXBuildFile; fileRef = 34A0FA6C2186E47C00DE172F /* TaskViewCell.swift */; };
		34A0FA732188507600DE172F /* TaskData.swift in Sources */ = {isa = PBXBuildFile; fileRef = 34A0FA722188507600DE172F /* TaskData.swift */; };
		34DBCB2B2191BEA600595946 /* NotificationViewController.swift in Sources */ = {isa = PBXBuildFile; fileRef = 34DBCB2A2191BEA600595946 /* NotificationViewController.swift */; };
		34DBCB2D2191BEC000595946 /* NotificationViewCell.swift in Sources */ = {isa = PBXBuildFile; fileRef = 34DBCB2C2191BEC000595946 /* NotificationViewCell.swift */; };
		34FF3D3E2188B2F40098AE10 /* Filter.storyboard in Resources */ = {isa = PBXBuildFile; fileRef = 34FF3D3C2188B2F40098AE10 /* Filter.storyboard */; };
		34FF3D442188B42F0098AE10 /* FilterViewController.swift in Sources */ = {isa = PBXBuildFile; fileRef = 34FF3D432188B42F0098AE10 /* FilterViewController.swift */; };
		34FF3D472188C03C0098AE10 /* utilities.swift in Sources */ = {isa = PBXBuildFile; fileRef = 34FF3D462188C03C0098AE10 /* utilities.swift */; };
/* End PBXBuildFile section */

/* Begin PBXContainerItemProxy section */
		343FBE902182F9F1004696A1 /* PBXContainerItemProxy */ = {
			isa = PBXContainerItemProxy;
			containerPortal = 343FBE702182F9EB004696A1 /* Project object */;
			proxyType = 1;
			remoteGlobalIDString = 343FBE772182F9EB004696A1;
			remoteInfo = Worklist;
		};
		343FBE9B2182F9F1004696A1 /* PBXContainerItemProxy */ = {
			isa = PBXContainerItemProxy;
			containerPortal = 343FBE702182F9EB004696A1 /* Project object */;
			proxyType = 1;
			remoteGlobalIDString = 343FBE772182F9EB004696A1;
			remoteInfo = Worklist;
		};
/* End PBXContainerItemProxy section */

/* Begin PBXFileReference section */
		343FBE782182F9EB004696A1 /* Worklist.app */ = {isa = PBXFileReference; explicitFileType = wrapper.application; includeInIndex = 0; path = Worklist.app; sourceTree = BUILT_PRODUCTS_DIR; };
		343FBE7B2182F9EB004696A1 /* AppDelegate.swift */ = {isa = PBXFileReference; lastKnownFileType = sourcecode.swift; path = AppDelegate.swift; sourceTree = "<group>"; };
		343FBE802182F9EB004696A1 /* Base */ = {isa = PBXFileReference; lastKnownFileType = file.storyboard; name = Base; path = Base.lproj/Main.storyboard; sourceTree = "<group>"; };
		343FBE832182F9EB004696A1 /* Worklist.xcdatamodel */ = {isa = PBXFileReference; lastKnownFileType = wrapper.xcdatamodel; path = Worklist.xcdatamodel; sourceTree = "<group>"; };
		343FBE852182F9F1004696A1 /* Assets.xcassets */ = {isa = PBXFileReference; lastKnownFileType = folder.assetcatalog; path = Assets.xcassets; sourceTree = "<group>"; };
		343FBE882182F9F1004696A1 /* Base */ = {isa = PBXFileReference; lastKnownFileType = file.storyboard; name = Base; path = Base.lproj/LaunchScreen.storyboard; sourceTree = "<group>"; };
		343FBE8A2182F9F1004696A1 /* Info.plist */ = {isa = PBXFileReference; lastKnownFileType = text.plist.xml; path = Info.plist; sourceTree = "<group>"; };
		343FBE8F2182F9F1004696A1 /* WorklistTests.xctest */ = {isa = PBXFileReference; explicitFileType = wrapper.cfbundle; includeInIndex = 0; path = WorklistTests.xctest; sourceTree = BUILT_PRODUCTS_DIR; };
		343FBE932182F9F1004696A1 /* WorklistTests.swift */ = {isa = PBXFileReference; lastKnownFileType = sourcecode.swift; path = WorklistTests.swift; sourceTree = "<group>"; };
		343FBE952182F9F1004696A1 /* Info.plist */ = {isa = PBXFileReference; lastKnownFileType = text.plist.xml; path = Info.plist; sourceTree = "<group>"; };
		343FBE9A2182F9F1004696A1 /* WorklistUITests.xctest */ = {isa = PBXFileReference; explicitFileType = wrapper.cfbundle; includeInIndex = 0; path = WorklistUITests.xctest; sourceTree = BUILT_PRODUCTS_DIR; };
		343FBE9E2182F9F1004696A1 /* WorklistUITests.swift */ = {isa = PBXFileReference; lastKnownFileType = sourcecode.swift; path = WorklistUITests.swift; sourceTree = "<group>"; };
		343FBEA02182F9F1004696A1 /* Info.plist */ = {isa = PBXFileReference; lastKnownFileType = text.plist.xml; path = Info.plist; sourceTree = "<group>"; };
		343FBEAC2183204C004696A1 /* LoginViewController.swift */ = {isa = PBXFileReference; lastKnownFileType = sourcecode.swift; path = LoginViewController.swift; sourceTree = "<group>"; };
		3445CE332189C396002F079A /* DashboardViewController.swift */ = {isa = PBXFileReference; lastKnownFileType = sourcecode.swift; name = DashboardViewController.swift; path = Worklist/DashboardViewController.swift; sourceTree = SOURCE_ROOT; };
		3445CE352189D4F2002F079A /* TaskCollectionViewCell.swift */ = {isa = PBXFileReference; lastKnownFileType = sourcecode.swift; path = TaskCollectionViewCell.swift; sourceTree = "<group>"; };
		3445CE39218A2224002F079A /* ApprovalCollectionViewCell.swift */ = {isa = PBXFileReference; lastKnownFileType = sourcecode.swift; path = ApprovalCollectionViewCell.swift; sourceTree = "<group>"; };
		3445CE3D218AFEDC002F079A /* ProfileViewController.swift */ = {isa = PBXFileReference; lastKnownFileType = sourcecode.swift; path = ProfileViewController.swift; sourceTree = "<group>"; };
		345C36CB2188E34D0032F9E1 /* ApprovalData.swift */ = {isa = PBXFileReference; lastKnownFileType = sourcecode.swift; path = ApprovalData.swift; sourceTree = "<group>"; };
		345C36CE2188E9A30032F9E1 /* ApprovalViewCell.swift */ = {isa = PBXFileReference; lastKnownFileType = sourcecode.swift; path = ApprovalViewCell.swift; sourceTree = "<group>"; };
		34869E84218F1D5F000E7359 /* AutoApprovalViewController.swift */ = {isa = PBXFileReference; lastKnownFileType = sourcecode.swift; path = AutoApprovalViewController.swift; sourceTree = "<group>"; };
		34869E86218F1D8B000E7359 /* AutoApprovalViewCell.swift */ = {isa = PBXFileReference; lastKnownFileType = sourcecode.swift; path = AutoApprovalViewCell.swift; sourceTree = "<group>"; };
		34869E88218F23C5000E7359 /* AutoApprovalData.swift */ = {isa = PBXFileReference; lastKnownFileType = sourcecode.swift; path = AutoApprovalData.swift; sourceTree = "<group>"; };
		34869E8A218F23D6000E7359 /* StatusData.swift */ = {isa = PBXFileReference; lastKnownFileType = sourcecode.swift; path = StatusData.swift; sourceTree = "<group>"; };
		34869E8C218F23E9000E7359 /* NotificationData.swift */ = {isa = PBXFileReference; lastKnownFileType = sourcecode.swift; path = NotificationData.swift; sourceTree = "<group>"; };
		34869E8E218F2FB9000E7359 /* StatusViewController.swift */ = {isa = PBXFileReference; lastKnownFileType = sourcecode.swift; path = StatusViewController.swift; sourceTree = "<group>"; };
		34869E90218F2FCF000E7359 /* StatusViewCell.swift */ = {isa = PBXFileReference; lastKnownFileType = sourcecode.swift; path = StatusViewCell.swift; sourceTree = "<group>"; };
		34869EB3218F92F7000E7359 /* CustomSegmentedControl.swift */ = {isa = PBXFileReference; lastKnownFileType = sourcecode.swift; path = CustomSegmentedControl.swift; sourceTree = "<group>"; };
		34869EB62190C30B000E7359 /* ClarificationViewController.swift */ = {isa = PBXFileReference; lastKnownFileType = sourcecode.swift; path = ClarificationViewController.swift; sourceTree = "<group>"; };
		34A0FA4A218351B900DE172F /* TaskApprovalViewController.swift */ = {isa = PBXFileReference; lastKnownFileType = sourcecode.swift; path = TaskApprovalViewController.swift; sourceTree = "<group>"; };
		34A0FA6C2186E47C00DE172F /* TaskViewCell.swift */ = {isa = PBXFileReference; lastKnownFileType = sourcecode.swift; path = TaskViewCell.swift; sourceTree = "<group>"; };
		34A0FA722188507600DE172F /* TaskData.swift */ = {isa = PBXFileReference; lastKnownFileType = sourcecode.swift; path = TaskData.swift; sourceTree = "<group>"; };
		34DBCB2A2191BEA600595946 /* NotificationViewController.swift */ = {isa = PBXFileReference; lastKnownFileType = sourcecode.swift; path = NotificationViewController.swift; sourceTree = "<group>"; };
		34DBCB2C2191BEC000595946 /* NotificationViewCell.swift */ = {isa = PBXFileReference; lastKnownFileType = sourcecode.swift; path = NotificationViewCell.swift; sourceTree = "<group>"; };
		34FF3D3D2188B2F40098AE10 /* Base */ = {isa = PBXFileReference; lastKnownFileType = file.storyboard; name = Base; path = Worklist/Storyboards/Base.lproj/Filter.storyboard; sourceTree = "<group>"; };
		34FF3D432188B42F0098AE10 /* FilterViewController.swift */ = {isa = PBXFileReference; lastKnownFileType = sourcecode.swift; path = FilterViewController.swift; sourceTree = "<group>"; };
		34FF3D462188C03C0098AE10 /* utilities.swift */ = {isa = PBXFileReference; lastKnownFileType = sourcecode.swift; path = utilities.swift; sourceTree = "<group>"; };
/* End PBXFileReference section */

/* Begin PBXFrameworksBuildPhase section */
		343FBE752182F9EB004696A1 /* Frameworks */ = {
			isa = PBXFrameworksBuildPhase;
			buildActionMask = 2147483647;
			files = (
			);
			runOnlyForDeploymentPostprocessing = 0;
		};
		343FBE8C2182F9F1004696A1 /* Frameworks */ = {
			isa = PBXFrameworksBuildPhase;
			buildActionMask = 2147483647;
			files = (
			);
			runOnlyForDeploymentPostprocessing = 0;
		};
		343FBE972182F9F1004696A1 /* Frameworks */ = {
			isa = PBXFrameworksBuildPhase;
			buildActionMask = 2147483647;
			files = (
			);
			runOnlyForDeploymentPostprocessing = 0;
		};
/* End PBXFrameworksBuildPhase section */

/* Begin PBXGroup section */
		343FBE6F2182F9EB004696A1 = {
			isa = PBXGroup;
			children = (
				343FBE7A2182F9EB004696A1 /* Worklist */,
				343FBE922182F9F1004696A1 /* WorklistTests */,
				343FBE9D2182F9F1004696A1 /* WorklistUITests */,
				343FBE792182F9EB004696A1 /* Products */,
			);
			sourceTree = "<group>";
		};
		343FBE792182F9EB004696A1 /* Products */ = {
			isa = PBXGroup;
			children = (
				343FBE782182F9EB004696A1 /* Worklist.app */,
				343FBE8F2182F9F1004696A1 /* WorklistTests.xctest */,
				343FBE9A2182F9F1004696A1 /* WorklistUITests.xctest */,
			);
			name = Products;
			sourceTree = "<group>";
		};
		343FBE7A2182F9EB004696A1 /* Worklist */ = {
			isa = PBXGroup;
			children = (
				3445CE322189B115002F079A /* Delegate */,
				345C36C82188E2980032F9E1 /* Model */,
				345C36C92188E3010032F9E1 /* Utilities */,
				343FBEAC2183204C004696A1 /* LoginViewController.swift */,
				3445CE332189C396002F079A /* DashboardViewController.swift */,
				34A0FA4A218351B900DE172F /* TaskApprovalViewController.swift */,
				345C36CA2188E3210032F9E1 /* Cells */,
				345C36D02188E9D40032F9E1 /* Custom View Controllers */,
				34FF3D3B2188A7440098AE10 /* Storyboards */,
				343FBE852182F9F1004696A1 /* Assets.xcassets */,
				343FBE8A2182F9F1004696A1 /* Info.plist */,
				343FBE822182F9EB004696A1 /* Worklist.xcdatamodeld */,
			);
			path = Worklist;
			sourceTree = "<group>";
		};
		343FBE922182F9F1004696A1 /* WorklistTests */ = {
			isa = PBXGroup;
			children = (
				343FBE932182F9F1004696A1 /* WorklistTests.swift */,
				343FBE952182F9F1004696A1 /* Info.plist */,
			);
			path = WorklistTests;
			sourceTree = "<group>";
		};
		343FBE9D2182F9F1004696A1 /* WorklistUITests */ = {
			isa = PBXGroup;
			children = (
				343FBE9E2182F9F1004696A1 /* WorklistUITests.swift */,
				343FBEA02182F9F1004696A1 /* Info.plist */,
			);
			path = WorklistUITests;
			sourceTree = "<group>";
		};
		3445CE322189B115002F079A /* Delegate */ = {
			isa = PBXGroup;
			children = (
				343FBE7B2182F9EB004696A1 /* AppDelegate.swift */,
			);
			path = Delegate;
			sourceTree = "<group>";
		};
		345C36C82188E2980032F9E1 /* Model */ = {
			isa = PBXGroup;
			children = (
				34A0FA722188507600DE172F /* TaskData.swift */,
				345C36CB2188E34D0032F9E1 /* ApprovalData.swift */,
				34869E88218F23C5000E7359 /* AutoApprovalData.swift */,
				34869E8A218F23D6000E7359 /* StatusData.swift */,
				34869E8C218F23E9000E7359 /* NotificationData.swift */,
			);
			path = Model;
			sourceTree = "<group>";
		};
		345C36C92188E3010032F9E1 /* Utilities */ = {
			isa = PBXGroup;
			children = (
				34FF3D462188C03C0098AE10 /* utilities.swift */,
				34869EB3218F92F7000E7359 /* CustomSegmentedControl.swift */,
			);
			path = Utilities;
			sourceTree = "<group>";
		};
		345C36CA2188E3210032F9E1 /* Cells */ = {
			isa = PBXGroup;
			children = (
				34A0FA6C2186E47C00DE172F /* TaskViewCell.swift */,
				345C36CE2188E9A30032F9E1 /* ApprovalViewCell.swift */,
				3445CE352189D4F2002F079A /* TaskCollectionViewCell.swift */,
				3445CE39218A2224002F079A /* ApprovalCollectionViewCell.swift */,
				34869E86218F1D8B000E7359 /* AutoApprovalViewCell.swift */,
				34869E90218F2FCF000E7359 /* StatusViewCell.swift */,
				34DBCB2C2191BEC000595946 /* NotificationViewCell.swift */,
			);
			path = Cells;
			sourceTree = "<group>";
		};
		345C36D02188E9D40032F9E1 /* Custom View Controllers */ = {
			isa = PBXGroup;
			children = (
				34FF3D432188B42F0098AE10 /* FilterViewController.swift */,
				3445CE3D218AFEDC002F079A /* ProfileViewController.swift */,
				34869E84218F1D5F000E7359 /* AutoApprovalViewController.swift */,
				34869E8E218F2FB9000E7359 /* StatusViewController.swift */,
				34DBCB2A2191BEA600595946 /* NotificationViewController.swift */,
				34869EB62190C30B000E7359 /* ClarificationViewController.swift */,
			);
			path = "Custom View Controllers";
			sourceTree = "<group>";
		};
		34FF3D3B2188A7440098AE10 /* Storyboards */ = {
			isa = PBXGroup;
			children = (
				343FBE7F2182F9EB004696A1 /* Main.storyboard */,
				34FF3D3C2188B2F40098AE10 /* Filter.storyboard */,
				343FBE872182F9F1004696A1 /* LaunchScreen.storyboard */,
			);
			path = Storyboards;
			sourceTree = "<group>";
		};
/* End PBXGroup section */

/* Begin PBXNativeTarget section */
		343FBE772182F9EB004696A1 /* Worklist */ = {
			isa = PBXNativeTarget;
			buildConfigurationList = 343FBEA32182F9F1004696A1 /* Build configuration list for PBXNativeTarget "Worklist" */;
			buildPhases = (
				343FBE742182F9EB004696A1 /* Sources */,
				343FBE752182F9EB004696A1 /* Frameworks */,
				343FBE762182F9EB004696A1 /* Resources */,
			);
			buildRules = (
			);
			dependencies = (
			);
			name = Worklist;
			productName = Worklist;
			productReference = 343FBE782182F9EB004696A1 /* Worklist.app */;
			productType = "com.apple.product-type.application";
		};
		343FBE8E2182F9F1004696A1 /* WorklistTests */ = {
			isa = PBXNativeTarget;
			buildConfigurationList = 343FBEA62182F9F1004696A1 /* Build configuration list for PBXNativeTarget "WorklistTests" */;
			buildPhases = (
				343FBE8B2182F9F1004696A1 /* Sources */,
				343FBE8C2182F9F1004696A1 /* Frameworks */,
				343FBE8D2182F9F1004696A1 /* Resources */,
			);
			buildRules = (
			);
			dependencies = (
				343FBE912182F9F1004696A1 /* PBXTargetDependency */,
			);
			name = WorklistTests;
			productName = WorklistTests;
			productReference = 343FBE8F2182F9F1004696A1 /* WorklistTests.xctest */;
			productType = "com.apple.product-type.bundle.unit-test";
		};
		343FBE992182F9F1004696A1 /* WorklistUITests */ = {
			isa = PBXNativeTarget;
			buildConfigurationList = 343FBEA92182F9F1004696A1 /* Build configuration list for PBXNativeTarget "WorklistUITests" */;
			buildPhases = (
				343FBE962182F9F1004696A1 /* Sources */,
				343FBE972182F9F1004696A1 /* Frameworks */,
				343FBE982182F9F1004696A1 /* Resources */,
			);
			buildRules = (
			);
			dependencies = (
				343FBE9C2182F9F1004696A1 /* PBXTargetDependency */,
			);
			name = WorklistUITests;
			productName = WorklistUITests;
			productReference = 343FBE9A2182F9F1004696A1 /* WorklistUITests.xctest */;
			productType = "com.apple.product-type.bundle.ui-testing";
		};
/* End PBXNativeTarget section */

/* Begin PBXProject section */
		343FBE702182F9EB004696A1 /* Project object */ = {
			isa = PBXProject;
			attributes = {
				LastSwiftUpdateCheck = 1000;
				LastUpgradeCheck = 1000;
				ORGANIZATIONNAME = "Bimalesh Sahoo";
				TargetAttributes = {
					343FBE772182F9EB004696A1 = {
						CreatedOnToolsVersion = 10.0;
					};
					343FBE8E2182F9F1004696A1 = {
						CreatedOnToolsVersion = 10.0;
						TestTargetID = 343FBE772182F9EB004696A1;
					};
					343FBE992182F9F1004696A1 = {
						CreatedOnToolsVersion = 10.0;
						TestTargetID = 343FBE772182F9EB004696A1;
					};
				};
			};
			buildConfigurationList = 343FBE732182F9EB004696A1 /* Build configuration list for PBXProject "Worklist" */;
			compatibilityVersion = "Xcode 9.3";
			developmentRegion = en;
			hasScannedForEncodings = 0;
			knownRegions = (
				en,
				Base,
			);
			mainGroup = 343FBE6F2182F9EB004696A1;
			productRefGroup = 343FBE792182F9EB004696A1 /* Products */;
			projectDirPath = "";
			projectRoot = "";
			targets = (
				343FBE772182F9EB004696A1 /* Worklist */,
				343FBE8E2182F9F1004696A1 /* WorklistTests */,
				343FBE992182F9F1004696A1 /* WorklistUITests */,
			);
		};
/* End PBXProject section */

/* Begin PBXResourcesBuildPhase section */
		343FBE762182F9EB004696A1 /* Resources */ = {
			isa = PBXResourcesBuildPhase;
			buildActionMask = 2147483647;
			files = (
				343FBE892182F9F1004696A1 /* LaunchScreen.storyboard in Resources */,
				343FBE862182F9F1004696A1 /* Assets.xcassets in Resources */,
				34FF3D3E2188B2F40098AE10 /* Filter.storyboard in Resources */,
				343FBE812182F9EB004696A1 /* Main.storyboard in Resources */,
			);
			runOnlyForDeploymentPostprocessing = 0;
		};
		343FBE8D2182F9F1004696A1 /* Resources */ = {
			isa = PBXResourcesBuildPhase;
			buildActionMask = 2147483647;
			files = (
			);
			runOnlyForDeploymentPostprocessing = 0;
		};
		343FBE982182F9F1004696A1 /* Resources */ = {
			isa = PBXResourcesBuildPhase;
			buildActionMask = 2147483647;
			files = (
			);
			runOnlyForDeploymentPostprocessing = 0;
		};
/* End PBXResourcesBuildPhase section */

/* Begin PBXSourcesBuildPhase section */
		343FBE742182F9EB004696A1 /* Sources */ = {
			isa = PBXSourcesBuildPhase;
			buildActionMask = 2147483647;
			files = (
				34DBCB2D2191BEC000595946 /* NotificationViewCell.swift in Sources */,
				34FF3D472188C03C0098AE10 /* utilities.swift in Sources */,
				34A0FA4B218351B900DE172F /* TaskApprovalViewController.swift in Sources */,
				34869E87218F1D8B000E7359 /* AutoApprovalViewCell.swift in Sources */,
				34A0FA732188507600DE172F /* TaskData.swift in Sources */,
				34869EB72190C30B000E7359 /* ClarificationViewController.swift in Sources */,
				34FF3D442188B42F0098AE10 /* FilterViewController.swift in Sources */,
				3445CE3E218AFEDC002F079A /* ProfileViewController.swift in Sources */,
				3445CE362189D4F2002F079A /* TaskCollectionViewCell.swift in Sources */,
				34869E89218F23C5000E7359 /* AutoApprovalData.swift in Sources */,
				34DBCB2B2191BEA600595946 /* NotificationViewController.swift in Sources */,
				343FBEAD2183204C004696A1 /* LoginViewController.swift in Sources */,
				345C36CC2188E34D0032F9E1 /* ApprovalData.swift in Sources */,
				3445CE342189C396002F079A /* DashboardViewController.swift in Sources */,
				34A0FA6D2186E47C00DE172F /* TaskViewCell.swift in Sources */,
				34869E8D218F23E9000E7359 /* NotificationData.swift in Sources */,
				343FBE7C2182F9EB004696A1 /* AppDelegate.swift in Sources */,
				345C36CF2188E9A30032F9E1 /* ApprovalViewCell.swift in Sources */,
				3445CE3A218A2224002F079A /* ApprovalCollectionViewCell.swift in Sources */,
				34869E85218F1D5F000E7359 /* AutoApprovalViewController.swift in Sources */,
				34869E8B218F23D6000E7359 /* StatusData.swift in Sources */,
				343FBE842182F9EB004696A1 /* Worklist.xcdatamodeld in Sources */,
				34869E8F218F2FB9000E7359 /* StatusViewController.swift in Sources */,
				34869E91218F2FCF000E7359 /* StatusViewCell.swift in Sources */,
				34869EB4218F92F7000E7359 /* CustomSegmentedControl.swift in Sources */,
			);
			runOnlyForDeploymentPostprocessing = 0;
		};
		343FBE8B2182F9F1004696A1 /* Sources */ = {
			isa = PBXSourcesBuildPhase;
			buildActionMask = 2147483647;
			files = (
				343FBE942182F9F1004696A1 /* WorklistTests.swift in Sources */,
			);
			runOnlyForDeploymentPostprocessing = 0;
		};
		343FBE962182F9F1004696A1 /* Sources */ = {
			isa = PBXSourcesBuildPhase;
			buildActionMask = 2147483647;
			files = (
				343FBE9F2182F9F1004696A1 /* WorklistUITests.swift in Sources */,
			);
			runOnlyForDeploymentPostprocessing = 0;
		};
/* End PBXSourcesBuildPhase section */

/* Begin PBXTargetDependency section */
		343FBE912182F9F1004696A1 /* PBXTargetDependency */ = {
			isa = PBXTargetDependency;
			target = 343FBE772182F9EB004696A1 /* Worklist */;
			targetProxy = 343FBE902182F9F1004696A1 /* PBXContainerItemProxy */;
		};
		343FBE9C2182F9F1004696A1 /* PBXTargetDependency */ = {
			isa = PBXTargetDependency;
			target = 343FBE772182F9EB004696A1 /* Worklist */;
			targetProxy = 343FBE9B2182F9F1004696A1 /* PBXContainerItemProxy */;
		};
/* End PBXTargetDependency section */

/* Begin PBXVariantGroup section */
		343FBE7F2182F9EB004696A1 /* Main.storyboard */ = {
			isa = PBXVariantGroup;
			children = (
				343FBE802182F9EB004696A1 /* Base */,
			);
			name = Main.storyboard;
			sourceTree = "<group>";
		};
		343FBE872182F9F1004696A1 /* LaunchScreen.storyboard */ = {
			isa = PBXVariantGroup;
			children = (
				343FBE882182F9F1004696A1 /* Base */,
			);
			name = LaunchScreen.storyboard;
			sourceTree = "<group>";
		};
		34FF3D3C2188B2F40098AE10 /* Filter.storyboard */ = {
			isa = PBXVariantGroup;
			children = (
				34FF3D3D2188B2F40098AE10 /* Base */,
			);
			name = Filter.storyboard;
			sourceTree = "<group>";
		};
/* End PBXVariantGroup section */

/* Begin XCBuildConfiguration section */
		343FBEA12182F9F1004696A1 /* Debug */ = {
			isa = XCBuildConfiguration;
			buildSettings = {
				ALWAYS_SEARCH_USER_PATHS = NO;
				CLANG_ANALYZER_NONNULL = YES;
				CLANG_ANALYZER_NUMBER_OBJECT_CONVERSION = YES_AGGRESSIVE;
				CLANG_CXX_LANGUAGE_STANDARD = "gnu++14";
				CLANG_CXX_LIBRARY = "libc++";
				CLANG_ENABLE_MODULES = YES;
				CLANG_ENABLE_OBJC_ARC = YES;
				CLANG_ENABLE_OBJC_WEAK = YES;
				CLANG_WARN_BLOCK_CAPTURE_AUTORELEASING = YES;
				CLANG_WARN_BOOL_CONVERSION = YES;
				CLANG_WARN_COMMA = YES;
				CLANG_WARN_CONSTANT_CONVERSION = YES;
				CLANG_WARN_DEPRECATED_OBJC_IMPLEMENTATIONS = YES;
				CLANG_WARN_DIRECT_OBJC_ISA_USAGE = YES_ERROR;
				CLANG_WARN_DOCUMENTATION_COMMENTS = YES;
				CLANG_WARN_EMPTY_BODY = YES;
				CLANG_WARN_ENUM_CONVERSION = YES;
				CLANG_WARN_INFINITE_RECURSION = YES;
				CLANG_WARN_INT_CONVERSION = YES;
				CLANG_WARN_NON_LITERAL_NULL_CONVERSION = YES;
				CLANG_WARN_OBJC_IMPLICIT_RETAIN_SELF = YES;
				CLANG_WARN_OBJC_LITERAL_CONVERSION = YES;
				CLANG_WARN_OBJC_ROOT_CLASS = YES_ERROR;
				CLANG_WARN_RANGE_LOOP_ANALYSIS = YES;
				CLANG_WARN_STRICT_PROTOTYPES = YES;
				CLANG_WARN_SUSPICIOUS_MOVE = YES;
				CLANG_WARN_UNGUARDED_AVAILABILITY = YES_AGGRESSIVE;
				CLANG_WARN_UNREACHABLE_CODE = YES;
				CLANG_WARN__DUPLICATE_METHOD_MATCH = YES;
				CODE_SIGN_IDENTITY = "iPhone Developer";
				COPY_PHASE_STRIP = NO;
				DEBUG_INFORMATION_FORMAT = dwarf;
				ENABLE_STRICT_OBJC_MSGSEND = YES;
				ENABLE_TESTABILITY = YES;
				GCC_C_LANGUAGE_STANDARD = gnu11;
				GCC_DYNAMIC_NO_PIC = NO;
				GCC_NO_COMMON_BLOCKS = YES;
				GCC_OPTIMIZATION_LEVEL = 0;
				GCC_PREPROCESSOR_DEFINITIONS = (
					"DEBUG=1",
					"$(inherited)",
				);
				GCC_WARN_64_TO_32_BIT_CONVERSION = YES;
				GCC_WARN_ABOUT_RETURN_TYPE = YES_ERROR;
				GCC_WARN_UNDECLARED_SELECTOR = YES;
				GCC_WARN_UNINITIALIZED_AUTOS = YES_AGGRESSIVE;
				GCC_WARN_UNUSED_FUNCTION = YES;
				GCC_WARN_UNUSED_VARIABLE = YES;
				IPHONEOS_DEPLOYMENT_TARGET = 12.0;
				MTL_ENABLE_DEBUG_INFO = INCLUDE_SOURCE;
				MTL_FAST_MATH = YES;
				ONLY_ACTIVE_ARCH = YES;
				SDKROOT = iphoneos;
				SWIFT_ACTIVE_COMPILATION_CONDITIONS = DEBUG;
				SWIFT_OPTIMIZATION_LEVEL = "-Onone";
			};
			name = Debug;
		};
		343FBEA22182F9F1004696A1 /* Release */ = {
			isa = XCBuildConfiguration;
			buildSettings = {
				ALWAYS_SEARCH_USER_PATHS = NO;
				CLANG_ANALYZER_NONNULL = YES;
				CLANG_ANALYZER_NUMBER_OBJECT_CONVERSION = YES_AGGRESSIVE;
				CLANG_CXX_LANGUAGE_STANDARD = "gnu++14";
				CLANG_CXX_LIBRARY = "libc++";
				CLANG_ENABLE_MODULES = YES;
				CLANG_ENABLE_OBJC_ARC = YES;
				CLANG_ENABLE_OBJC_WEAK = YES;
				CLANG_WARN_BLOCK_CAPTURE_AUTORELEASING = YES;
				CLANG_WARN_BOOL_CONVERSION = YES;
				CLANG_WARN_COMMA = YES;
				CLANG_WARN_CONSTANT_CONVERSION = YES;
				CLANG_WARN_DEPRECATED_OBJC_IMPLEMENTATIONS = YES;
				CLANG_WARN_DIRECT_OBJC_ISA_USAGE = YES_ERROR;
				CLANG_WARN_DOCUMENTATION_COMMENTS = YES;
				CLANG_WARN_EMPTY_BODY = YES;
				CLANG_WARN_ENUM_CONVERSION = YES;
				CLANG_WARN_INFINITE_RECURSION = YES;
				CLANG_WARN_INT_CONVERSION = YES;
				CLANG_WARN_NON_LITERAL_NULL_CONVERSION = YES;
				CLANG_WARN_OBJC_IMPLICIT_RETAIN_SELF = YES;
				CLANG_WARN_OBJC_LITERAL_CONVERSION = YES;
				CLANG_WARN_OBJC_ROOT_CLASS = YES_ERROR;
				CLANG_WARN_RANGE_LOOP_ANALYSIS = YES;
				CLANG_WARN_STRICT_PROTOTYPES = YES;
				CLANG_WARN_SUSPICIOUS_MOVE = YES;
				CLANG_WARN_UNGUARDED_AVAILABILITY = YES_AGGRESSIVE;
				CLANG_WARN_UNREACHABLE_CODE = YES;
				CLANG_WARN__DUPLICATE_METHOD_MATCH = YES;
				CODE_SIGN_IDENTITY = "iPhone Developer";
				COPY_PHASE_STRIP = NO;
				DEBUG_INFORMATION_FORMAT = "dwarf-with-dsym";
				ENABLE_NS_ASSERTIONS = NO;
				ENABLE_STRICT_OBJC_MSGSEND = YES;
				GCC_C_LANGUAGE_STANDARD = gnu11;
				GCC_NO_COMMON_BLOCKS = YES;
				GCC_WARN_64_TO_32_BIT_CONVERSION = YES;
				GCC_WARN_ABOUT_RETURN_TYPE = YES_ERROR;
				GCC_WARN_UNDECLARED_SELECTOR = YES;
				GCC_WARN_UNINITIALIZED_AUTOS = YES_AGGRESSIVE;
				GCC_WARN_UNUSED_FUNCTION = YES;
				GCC_WARN_UNUSED_VARIABLE = YES;
				IPHONEOS_DEPLOYMENT_TARGET = 12.0;
				MTL_ENABLE_DEBUG_INFO = NO;
				MTL_FAST_MATH = YES;
				SDKROOT = iphoneos;
				SWIFT_COMPILATION_MODE = wholemodule;
				SWIFT_OPTIMIZATION_LEVEL = "-O";
				VALIDATE_PRODUCT = YES;
			};
			name = Release;
		};
		343FBEA42182F9F1004696A1 /* Debug */ = {
			isa = XCBuildConfiguration;
			buildSettings = {
				ASSETCATALOG_COMPILER_APPICON_NAME = AppIcon;
				CODE_SIGN_STYLE = Automatic;
				DEVELOPMENT_TEAM = K6YREPMMF6;
				INFOPLIST_FILE = Worklist/Info.plist;
				LD_RUNPATH_SEARCH_PATHS = (
					"$(inherited)",
					"@executable_path/Frameworks",
				);
				PRODUCT_BUNDLE_IDENTIFIER = com.bimalesh.Worklist;
				PRODUCT_NAME = "$(TARGET_NAME)";
				SWIFT_VERSION = 4.2;
				TARGETED_DEVICE_FAMILY = 1;
			};
			name = Debug;
		};
		343FBEA52182F9F1004696A1 /* Release */ = {
			isa = XCBuildConfiguration;
			buildSettings = {
				ASSETCATALOG_COMPILER_APPICON_NAME = AppIcon;
				CODE_SIGN_STYLE = Automatic;
				DEVELOPMENT_TEAM = K6YREPMMF6;
				INFOPLIST_FILE = Worklist/Info.plist;
				LD_RUNPATH_SEARCH_PATHS = (
					"$(inherited)",
					"@executable_path/Frameworks",
				);
				PRODUCT_BUNDLE_IDENTIFIER = com.bimalesh.Worklist;
				PRODUCT_NAME = "$(TARGET_NAME)";
				SWIFT_VERSION = 4.2;
				TARGETED_DEVICE_FAMILY = 1;
			};
			name = Release;
		};
		343FBEA72182F9F1004696A1 /* Debug */ = {
			isa = XCBuildConfiguration;
			buildSettings = {
				ALWAYS_EMBED_SWIFT_STANDARD_LIBRARIES = YES;
				BUNDLE_LOADER = "$(TEST_HOST)";
				CODE_SIGN_STYLE = Automatic;
				DEVELOPMENT_TEAM = K6YREPMMF6;
				INFOPLIST_FILE = WorklistTests/Info.plist;
				LD_RUNPATH_SEARCH_PATHS = (
					"$(inherited)",
					"@executable_path/Frameworks",
					"@loader_path/Frameworks",
				);
				PRODUCT_BUNDLE_IDENTIFIER = com.bimalesh.WorklistTests;
				PRODUCT_NAME = "$(TARGET_NAME)";
				SWIFT_VERSION = 4.2;
				TARGETED_DEVICE_FAMILY = "1,2";
				TEST_HOST = "$(BUILT_PRODUCTS_DIR)/Worklist.app/Worklist";
			};
			name = Debug;
		};
		343FBEA82182F9F1004696A1 /* Release */ = {
			isa = XCBuildConfiguration;
			buildSettings = {
				ALWAYS_EMBED_SWIFT_STANDARD_LIBRARIES = YES;
				BUNDLE_LOADER = "$(TEST_HOST)";
				CODE_SIGN_STYLE = Automatic;
				DEVELOPMENT_TEAM = K6YREPMMF6;
				INFOPLIST_FILE = WorklistTests/Info.plist;
				LD_RUNPATH_SEARCH_PATHS = (
					"$(inherited)",
					"@executable_path/Frameworks",
					"@loader_path/Frameworks",
				);
				PRODUCT_BUNDLE_IDENTIFIER = com.bimalesh.WorklistTests;
				PRODUCT_NAME = "$(TARGET_NAME)";
				SWIFT_VERSION = 4.2;
				TARGETED_DEVICE_FAMILY = "1,2";
				TEST_HOST = "$(BUILT_PRODUCTS_DIR)/Worklist.app/Worklist";
			};
			name = Release;
		};
		343FBEAA2182F9F1004696A1 /* Debug */ = {
			isa = XCBuildConfiguration;
			buildSettings = {
				ALWAYS_EMBED_SWIFT_STANDARD_LIBRARIES = YES;
				CODE_SIGN_STYLE = Automatic;
				DEVELOPMENT_TEAM = K6YREPMMF6;
				INFOPLIST_FILE = WorklistUITests/Info.plist;
				LD_RUNPATH_SEARCH_PATHS = (
					"$(inherited)",
					"@executable_path/Frameworks",
					"@loader_path/Frameworks",
				);
				PRODUCT_BUNDLE_IDENTIFIER = com.bimalesh.WorklistUITests;
				PRODUCT_NAME = "$(TARGET_NAME)";
				SWIFT_VERSION = 4.2;
				TARGETED_DEVICE_FAMILY = "1,2";
				TEST_TARGET_NAME = Worklist;
			};
			name = Debug;
		};
		343FBEAB2182F9F1004696A1 /* Release */ = {
			isa = XCBuildConfiguration;
			buildSettings = {
				ALWAYS_EMBED_SWIFT_STANDARD_LIBRARIES = YES;
				CODE_SIGN_STYLE = Automatic;
				DEVELOPMENT_TEAM = K6YREPMMF6;
				INFOPLIST_FILE = WorklistUITests/Info.plist;
				LD_RUNPATH_SEARCH_PATHS = (
					"$(inherited)",
					"@executable_path/Frameworks",
					"@loader_path/Frameworks",
				);
				PRODUCT_BUNDLE_IDENTIFIER = com.bimalesh.WorklistUITests;
				PRODUCT_NAME = "$(TARGET_NAME)";
				SWIFT_VERSION = 4.2;
				TARGETED_DEVICE_FAMILY = "1,2";
				TEST_TARGET_NAME = Worklist;
			};
			name = Release;
		};
/* End XCBuildConfiguration section */

/* Begin XCConfigurationList section */
		343FBE732182F9EB004696A1 /* Build configuration list for PBXProject "Worklist" */ = {
			isa = XCConfigurationList;
			buildConfigurations = (
				343FBEA12182F9F1004696A1 /* Debug */,
				343FBEA22182F9F1004696A1 /* Release */,
			);
			defaultConfigurationIsVisible = 0;
			defaultConfigurationName = Release;
		};
		343FBEA32182F9F1004696A1 /* Build configuration list for PBXNativeTarget "Worklist" */ = {
			isa = XCConfigurationList;
			buildConfigurations = (
				343FBEA42182F9F1004696A1 /* Debug */,
				343FBEA52182F9F1004696A1 /* Release */,
			);
			defaultConfigurationIsVisible = 0;
			defaultConfigurationName = Release;
		};
		343FBEA62182F9F1004696A1 /* Build configuration list for PBXNativeTarget "WorklistTests" */ = {
			isa = XCConfigurationList;
			buildConfigurations = (
				343FBEA72182F9F1004696A1 /* Debug */,
				343FBEA82182F9F1004696A1 /* Release */,
			);
			defaultConfigurationIsVisible = 0;
			defaultConfigurationName = Release;
		};
		343FBEA92182F9F1004696A1 /* Build configuration list for PBXNativeTarget "WorklistUITests" */ = {
			isa = XCConfigurationList;
			buildConfigurations = (
				343FBEAA2182F9F1004696A1 /* Debug */,
				343FBEAB2182F9F1004696A1 /* Release */,
			);
			defaultConfigurationIsVisible = 0;
			defaultConfigurationName = Release;
		};
/* End XCConfigurationList section */

/* Begin XCVersionGroup section */
		343FBE822182F9EB004696A1 /* Worklist.xcdatamodeld */ = {
			isa = XCVersionGroup;
			children = (
				343FBE832182F9EB004696A1 /* Worklist.xcdatamodel */,
			);
			currentVersion = 343FBE832182F9EB004696A1 /* Worklist.xcdatamodel */;
			path = Worklist.xcdatamodeld;
			sourceTree = "<group>";
			versionGroupType = wrapper.xcdatamodel;
		};
/* End XCVersionGroup section */
	};
	rootObject = 343FBE702182F9EB004696A1 /* Project object */;
}
